// !$*UTF8*$!
{
	archiveVersion = 1;
	classes = {
	};
	objectVersion = 50;
	objects = {

/* Begin PBXBuildFile section */
		591D50A1265B40D9004DDFE2 /* ACMacros.swift in Sources */ = {isa = PBXBuildFile; fileRef = 591D50A0265B40D9004DDFE2 /* ACMacros.swift */; };
		591D50A3265B418F004DDFE2 /* UIMacros.swift in Sources */ = {isa = PBXBuildFile; fileRef = 591D50A2265B418F004DDFE2 /* UIMacros.swift */; };
		591D50A5265B44F8004DDFE2 /* UIColor+Extension.swift in Sources */ = {isa = PBXBuildFile; fileRef = 591D50A4265B44F8004DDFE2 /* UIColor+Extension.swift */; };
		591D50A7265B47A4004DDFE2 /* DateFormatter+Extension.swift in Sources */ = {isa = PBXBuildFile; fileRef = 591D50A6265B47A4004DDFE2 /* DateFormatter+Extension.swift */; };
		591D50A9265B71F6004DDFE2 /* String+Extension.swift in Sources */ = {isa = PBXBuildFile; fileRef = 591D50A8265B71F6004DDFE2 /* String+Extension.swift */; };
		591D50AB265B7B1F004DDFE2 /* Array+Extension.swift in Sources */ = {isa = PBXBuildFile; fileRef = 591D50AA265B7B1F004DDFE2 /* Array+Extension.swift */; };
		591D50AD265B7C5E004DDFE2 /* UIImage+Extension.swift in Sources */ = {isa = PBXBuildFile; fileRef = 591D50AC265B7C5E004DDFE2 /* UIImage+Extension.swift */; };
		591D50AF265B9F49004DDFE2 /* UIView+Extension.swift in Sources */ = {isa = PBXBuildFile; fileRef = 591D50AE265B9F49004DDFE2 /* UIView+Extension.swift */; };
		591D50B1265CC8FD004DDFE2 /* Date+Extension.swift in Sources */ = {isa = PBXBuildFile; fileRef = 591D50B0265CC8FD004DDFE2 /* Date+Extension.swift */; };
		591D50B3265CCBC7004DDFE2 /* Dictionary+Extension.swift in Sources */ = {isa = PBXBuildFile; fileRef = 591D50B2265CCBC7004DDFE2 /* Dictionary+Extension.swift */; };
		591D50B6265CCD70004DDFE2 /* AppUtils.swift in Sources */ = {isa = PBXBuildFile; fileRef = 591D50B5265CCD70004DDFE2 /* AppUtils.swift */; };
		591D50B8265CCEAE004DDFE2 /* ValidateUtils.swift in Sources */ = {isa = PBXBuildFile; fileRef = 591D50B7265CCEAE004DDFE2 /* ValidateUtils.swift */; };
		591D50BA265CCF1C004DDFE2 /* IOUtils.swift in Sources */ = {isa = PBXBuildFile; fileRef = 591D50B9265CCF1C004DDFE2 /* IOUtils.swift */; };
		59375CBF26563103005A4F18 /* AppDelegate.swift in Sources */ = {isa = PBXBuildFile; fileRef = 59375CBE26563103005A4F18 /* AppDelegate.swift */; };
		59375CC126563103005A4F18 /* SceneDelegate.swift in Sources */ = {isa = PBXBuildFile; fileRef = 59375CC026563103005A4F18 /* SceneDelegate.swift */; };
		59375CC326563103005A4F18 /* ViewController.swift in Sources */ = {isa = PBXBuildFile; fileRef = 59375CC226563103005A4F18 /* ViewController.swift */; };
		59375CC626563103005A4F18 /* Main.storyboard in Resources */ = {isa = PBXBuildFile; fileRef = 59375CC426563103005A4F18 /* Main.storyboard */; };
		59375CC826563104005A4F18 /* Assets.xcassets in Resources */ = {isa = PBXBuildFile; fileRef = 59375CC726563104005A4F18 /* Assets.xcassets */; };
		59375CCB26563104005A4F18 /* LaunchScreen.storyboard in Resources */ = {isa = PBXBuildFile; fileRef = 59375CC926563104005A4F18 /* LaunchScreen.storyboard */; };
		59375CD626563104005A4F18 /* SwiftReLearnTests.swift in Sources */ = {isa = PBXBuildFile; fileRef = 59375CD526563104005A4F18 /* SwiftReLearnTests.swift */; };
		59375CE126563104005A4F18 /* SwiftReLearnUITests.swift in Sources */ = {isa = PBXBuildFile; fileRef = 59375CE026563104005A4F18 /* SwiftReLearnUITests.swift */; };
		598EE3FD265792FB008B5F12 /* RootViewController.swift in Sources */ = {isa = PBXBuildFile; fileRef = 598EE3FC265792FB008B5F12 /* RootViewController.swift */; };
		E4758F59EE3F5031EC4BC3EE /* Pods_SwiftReLearn.framework in Frameworks */ = {isa = PBXBuildFile; fileRef = 1BB74A1A4F34EAA04501AF4B /* Pods_SwiftReLearn.framework */; };
/* End PBXBuildFile section */

/* Begin PBXContainerItemProxy section */
		59375CD226563104005A4F18 /* PBXContainerItemProxy */ = {
			isa = PBXContainerItemProxy;
			containerPortal = 59375CB326563103005A4F18 /* Project object */;
			proxyType = 1;
			remoteGlobalIDString = 59375CBA26563103005A4F18;
			remoteInfo = SwiftReLearn;
		};
		59375CDD26563104005A4F18 /* PBXContainerItemProxy */ = {
			isa = PBXContainerItemProxy;
			containerPortal = 59375CB326563103005A4F18 /* Project object */;
			proxyType = 1;
			remoteGlobalIDString = 59375CBA26563103005A4F18;
			remoteInfo = SwiftReLearn;
		};
/* End PBXContainerItemProxy section */

/* Begin PBXFileReference section */
		1BB74A1A4F34EAA04501AF4B /* Pods_SwiftReLearn.framework */ = {isa = PBXFileReference; explicitFileType = wrapper.framework; includeInIndex = 0; path = Pods_SwiftReLearn.framework; sourceTree = BUILT_PRODUCTS_DIR; };
		591D50A0265B40D9004DDFE2 /* ACMacros.swift */ = {isa = PBXFileReference; lastKnownFileType = sourcecode.swift; path = ACMacros.swift; sourceTree = "<group>"; };
		591D50A2265B418F004DDFE2 /* UIMacros.swift */ = {isa = PBXFileReference; lastKnownFileType = sourcecode.swift; path = UIMacros.swift; sourceTree = "<group>"; };
		591D50A4265B44F8004DDFE2 /* UIColor+Extension.swift */ = {isa = PBXFileReference; lastKnownFileType = sourcecode.swift; path = "UIColor+Extension.swift"; sourceTree = "<group>"; };
		591D50A6265B47A4004DDFE2 /* DateFormatter+Extension.swift */ = {isa = PBXFileReference; lastKnownFileType = sourcecode.swift; path = "DateFormatter+Extension.swift"; sourceTree = "<group>"; };
		591D50A8265B71F6004DDFE2 /* String+Extension.swift */ = {isa = PBXFileReference; lastKnownFileType = sourcecode.swift; path = "String+Extension.swift"; sourceTree = "<group>"; };
		591D50AA265B7B1F004DDFE2 /* Array+Extension.swift */ = {isa = PBXFileReference; lastKnownFileType = sourcecode.swift; path = "Array+Extension.swift"; sourceTree = "<group>"; };
		591D50AC265B7C5E004DDFE2 /* UIImage+Extension.swift */ = {isa = PBXFileReference; lastKnownFileType = sourcecode.swift; path = "UIImage+Extension.swift"; sourceTree = "<group>"; };
		591D50AE265B9F49004DDFE2 /* UIView+Extension.swift */ = {isa = PBXFileReference; lastKnownFileType = sourcecode.swift; path = "UIView+Extension.swift"; sourceTree = "<group>"; };
		591D50B0265CC8FD004DDFE2 /* Date+Extension.swift */ = {isa = PBXFileReference; lastKnownFileType = sourcecode.swift; path = "Date+Extension.swift"; sourceTree = "<group>"; };
		591D50B2265CCBC7004DDFE2 /* Dictionary+Extension.swift */ = {isa = PBXFileReference; lastKnownFileType = sourcecode.swift; path = "Dictionary+Extension.swift"; sourceTree = "<group>"; };
		591D50B5265CCD70004DDFE2 /* AppUtils.swift */ = {isa = PBXFileReference; lastKnownFileType = sourcecode.swift; path = AppUtils.swift; sourceTree = "<group>"; };
		591D50B7265CCEAE004DDFE2 /* ValidateUtils.swift */ = {isa = PBXFileReference; lastKnownFileType = sourcecode.swift; path = ValidateUtils.swift; sourceTree = "<group>"; };
		591D50B9265CCF1C004DDFE2 /* IOUtils.swift */ = {isa = PBXFileReference; lastKnownFileType = sourcecode.swift; path = IOUtils.swift; sourceTree = "<group>"; };
		59375CBB26563103005A4F18 /* SwiftReLearn.app */ = {isa = PBXFileReference; explicitFileType = wrapper.application; includeInIndex = 0; path = SwiftReLearn.app; sourceTree = BUILT_PRODUCTS_DIR; };
		59375CBE26563103005A4F18 /* AppDelegate.swift */ = {isa = PBXFileReference; lastKnownFileType = sourcecode.swift; path = AppDelegate.swift; sourceTree = "<group>"; };
		59375CC026563103005A4F18 /* SceneDelegate.swift */ = {isa = PBXFileReference; lastKnownFileType = sourcecode.swift; path = SceneDelegate.swift; sourceTree = "<group>"; };
		59375CC226563103005A4F18 /* ViewController.swift */ = {isa = PBXFileReference; lastKnownFileType = sourcecode.swift; path = ViewController.swift; sourceTree = "<group>"; };
		59375CC526563103005A4F18 /* Base */ = {isa = PBXFileReference; lastKnownFileType = file.storyboard; name = Base; path = Base.lproj/Main.storyboard; sourceTree = "<group>"; };
		59375CC726563104005A4F18 /* Assets.xcassets */ = {isa = PBXFileReference; lastKnownFileType = folder.assetcatalog; path = Assets.xcassets; sourceTree = "<group>"; };
		59375CCA26563104005A4F18 /* Base */ = {isa = PBXFileReference; lastKnownFileType = file.storyboard; name = Base; path = Base.lproj/LaunchScreen.storyboard; sourceTree = "<group>"; };
		59375CCC26563104005A4F18 /* Info.plist */ = {isa = PBXFileReference; lastKnownFileType = text.plist.xml; path = Info.plist; sourceTree = "<group>"; };
		59375CD126563104005A4F18 /* SwiftReLearnTests.xctest */ = {isa = PBXFileReference; explicitFileType = wrapper.cfbundle; includeInIndex = 0; path = SwiftReLearnTests.xctest; sourceTree = BUILT_PRODUCTS_DIR; };
		59375CD526563104005A4F18 /* SwiftReLearnTests.swift */ = {isa = PBXFileReference; lastKnownFileType = sourcecode.swift; path = SwiftReLearnTests.swift; sourceTree = "<group>"; };
		59375CD726563104005A4F18 /* Info.plist */ = {isa = PBXFileReference; lastKnownFileType = text.plist.xml; path = Info.plist; sourceTree = "<group>"; };
		59375CDC26563104005A4F18 /* SwiftReLearnUITests.xctest */ = {isa = PBXFileReference; explicitFileType = wrapper.cfbundle; includeInIndex = 0; path = SwiftReLearnUITests.xctest; sourceTree = BUILT_PRODUCTS_DIR; };
		59375CE026563104005A4F18 /* SwiftReLearnUITests.swift */ = {isa = PBXFileReference; lastKnownFileType = sourcecode.swift; path = SwiftReLearnUITests.swift; sourceTree = "<group>"; };
		59375CE226563104005A4F18 /* Info.plist */ = {isa = PBXFileReference; lastKnownFileType = text.plist.xml; path = Info.plist; sourceTree = "<group>"; };
		598EE3FC265792FB008B5F12 /* RootViewController.swift */ = {isa = PBXFileReference; lastKnownFileType = sourcecode.swift; path = RootViewController.swift; sourceTree = "<group>"; };
		C8FBBCBFD69CEAC8F6E249DD /* Pods-SwiftReLearn.debug.xcconfig */ = {isa = PBXFileReference; includeInIndex = 1; lastKnownFileType = text.xcconfig; name = "Pods-SwiftReLearn.debug.xcconfig"; path = "Target Support Files/Pods-SwiftReLearn/Pods-SwiftReLearn.debug.xcconfig"; sourceTree = "<group>"; };
		E20BB61B83374B4EF975FF52 /* Pods-SwiftReLearn.release.xcconfig */ = {isa = PBXFileReference; includeInIndex = 1; lastKnownFileType = text.xcconfig; name = "Pods-SwiftReLearn.release.xcconfig"; path = "Target Support Files/Pods-SwiftReLearn/Pods-SwiftReLearn.release.xcconfig"; sourceTree = "<group>"; };
/* End PBXFileReference section */

/* Begin PBXFrameworksBuildPhase section */
		59375CB826563103005A4F18 /* Frameworks */ = {
			isa = PBXFrameworksBuildPhase;
			buildActionMask = 2147483647;
			files = (
				E4758F59EE3F5031EC4BC3EE /* Pods_SwiftReLearn.framework in Frameworks */,
			);
			runOnlyForDeploymentPostprocessing = 0;
		};
		59375CCE26563104005A4F18 /* Frameworks */ = {
			isa = PBXFrameworksBuildPhase;
			buildActionMask = 2147483647;
			files = (
			);
			runOnlyForDeploymentPostprocessing = 0;
		};
		59375CD926563104005A4F18 /* Frameworks */ = {
			isa = PBXFrameworksBuildPhase;
			buildActionMask = 2147483647;
			files = (
			);
			runOnlyForDeploymentPostprocessing = 0;
		};
/* End PBXFrameworksBuildPhase section */

/* Begin PBXGroup section */
		40AC6597D9B351265F7BC35C /* Frameworks */ = {
			isa = PBXGroup;
			children = (
				1BB74A1A4F34EAA04501AF4B /* Pods_SwiftReLearn.framework */,
			);
			name = Frameworks;
			sourceTree = "<group>";
		};
		591D509E265B3FA6004DDFE2 /* Base */ = {
			isa = PBXGroup;
			children = (
				591D50B4265CCD57004DDFE2 /* Utils */,
				591D509F265B409C004DDFE2 /* Macros */,
				598EE3FB265792CF008B5F12 /* Extensions */,
			);
			path = Base;
			sourceTree = "<group>";
		};
		591D509F265B409C004DDFE2 /* Macros */ = {
			isa = PBXGroup;
			children = (
				591D50A0265B40D9004DDFE2 /* ACMacros.swift */,
				591D50A2265B418F004DDFE2 /* UIMacros.swift */,
			);
			name = Macros;
			sourceTree = "<group>";
		};
		591D50B4265CCD57004DDFE2 /* Utils */ = {
			isa = PBXGroup;
			children = (
				591D50B5265CCD70004DDFE2 /* AppUtils.swift */,
				591D50B7265CCEAE004DDFE2 /* ValidateUtils.swift */,
				591D50B9265CCF1C004DDFE2 /* IOUtils.swift */,
			);
			path = Utils;
			sourceTree = "<group>";
		};
		59375CB226563103005A4F18 = {
			isa = PBXGroup;
			children = (
				59375CBD26563103005A4F18 /* SwiftReLearn */,
				59375CD426563104005A4F18 /* SwiftReLearnTests */,
				59375CDF26563104005A4F18 /* SwiftReLearnUITests */,
				59375CBC26563103005A4F18 /* Products */,
				BC206EA3552BF21440471578 /* Pods */,
				40AC6597D9B351265F7BC35C /* Frameworks */,
			);
			sourceTree = "<group>";
		};
		59375CBC26563103005A4F18 /* Products */ = {
			isa = PBXGroup;
			children = (
				59375CBB26563103005A4F18 /* SwiftReLearn.app */,
				59375CD126563104005A4F18 /* SwiftReLearnTests.xctest */,
				59375CDC26563104005A4F18 /* SwiftReLearnUITests.xctest */,
			);
			name = Products;
			sourceTree = "<group>";
		};
		59375CBD26563103005A4F18 /* SwiftReLearn */ = {
			isa = PBXGroup;
			children = (
				591D509E265B3FA6004DDFE2 /* Base */,
				59375CBE26563103005A4F18 /* AppDelegate.swift */,
				59375CC026563103005A4F18 /* SceneDelegate.swift */,
				59375CC226563103005A4F18 /* ViewController.swift */,
				598EE3FC265792FB008B5F12 /* RootViewController.swift */,
				59375CC426563103005A4F18 /* Main.storyboard */,
				59375CC726563104005A4F18 /* Assets.xcassets */,
				59375CC926563104005A4F18 /* LaunchScreen.storyboard */,
				59375CCC26563104005A4F18 /* Info.plist */,
			);
			path = SwiftReLearn;
			sourceTree = "<group>";
		};
		59375CD426563104005A4F18 /* SwiftReLearnTests */ = {
			isa = PBXGroup;
			children = (
				59375CD526563104005A4F18 /* SwiftReLearnTests.swift */,
				59375CD726563104005A4F18 /* Info.plist */,
			);
			path = SwiftReLearnTests;
			sourceTree = "<group>";
		};
		59375CDF26563104005A4F18 /* SwiftReLearnUITests */ = {
			isa = PBXGroup;
			children = (
				59375CE026563104005A4F18 /* SwiftReLearnUITests.swift */,
				59375CE226563104005A4F18 /* Info.plist */,
			);
			path = SwiftReLearnUITests;
			sourceTree = "<group>";
		};
		598EE3FB265792CF008B5F12 /* Extensions */ = {
			isa = PBXGroup;
			children = (
				591D50A4265B44F8004DDFE2 /* UIColor+Extension.swift */,
				591D50A6265B47A4004DDFE2 /* DateFormatter+Extension.swift */,
				591D50A8265B71F6004DDFE2 /* String+Extension.swift */,
				591D50AA265B7B1F004DDFE2 /* Array+Extension.swift */,
				591D50AC265B7C5E004DDFE2 /* UIImage+Extension.swift */,
				591D50AE265B9F49004DDFE2 /* UIView+Extension.swift */,
				591D50B0265CC8FD004DDFE2 /* Date+Extension.swift */,
				591D50B2265CCBC7004DDFE2 /* Dictionary+Extension.swift */,
			);
			name = Extensions;
			path = ..;
			sourceTree = "<group>";
		};
		BC206EA3552BF21440471578 /* Pods */ = {
			isa = PBXGroup;
			children = (
				C8FBBCBFD69CEAC8F6E249DD /* Pods-SwiftReLearn.debug.xcconfig */,
				E20BB61B83374B4EF975FF52 /* Pods-SwiftReLearn.release.xcconfig */,
			);
			name = Pods;
			path = Pods;
			sourceTree = "<group>";
		};
/* End PBXGroup section */

/* Begin PBXNativeTarget section */
		59375CBA26563103005A4F18 /* SwiftReLearn */ = {
			isa = PBXNativeTarget;
			buildConfigurationList = 59375CE526563104005A4F18 /* Build configuration list for PBXNativeTarget "SwiftReLearn" */;
			buildPhases = (
				D11C31726D5BF145ED4DA4C9 /* [CP] Check Pods Manifest.lock */,
				59375CB726563103005A4F18 /* Sources */,
				59375CB826563103005A4F18 /* Frameworks */,
				59375CB926563103005A4F18 /* Resources */,
				688F6A7B094181A8F8F8493A /* [CP] Embed Pods Frameworks */,
			);
			buildRules = (
			);
			dependencies = (
			);
			name = SwiftReLearn;
			productName = SwiftReLearn;
			productReference = 59375CBB26563103005A4F18 /* SwiftReLearn.app */;
			productType = "com.apple.product-type.application";
		};
		59375CD026563104005A4F18 /* SwiftReLearnTests */ = {
			isa = PBXNativeTarget;
			buildConfigurationList = 59375CE826563104005A4F18 /* Build configuration list for PBXNativeTarget "SwiftReLearnTests" */;
			buildPhases = (
				59375CCD26563104005A4F18 /* Sources */,
				59375CCE26563104005A4F18 /* Frameworks */,
				59375CCF26563104005A4F18 /* Resources */,
			);
			buildRules = (
			);
			dependencies = (
				59375CD326563104005A4F18 /* PBXTargetDependency */,
			);
			name = SwiftReLearnTests;
			productName = SwiftReLearnTests;
			productReference = 59375CD126563104005A4F18 /* SwiftReLearnTests.xctest */;
			productType = "com.apple.product-type.bundle.unit-test";
		};
		59375CDB26563104005A4F18 /* SwiftReLearnUITests */ = {
			isa = PBXNativeTarget;
			buildConfigurationList = 59375CEB26563104005A4F18 /* Build configuration list for PBXNativeTarget "SwiftReLearnUITests" */;
			buildPhases = (
				59375CD826563104005A4F18 /* Sources */,
				59375CD926563104005A4F18 /* Frameworks */,
				59375CDA26563104005A4F18 /* Resources */,
			);
			buildRules = (
			);
			dependencies = (
				59375CDE26563104005A4F18 /* PBXTargetDependency */,
			);
			name = SwiftReLearnUITests;
			productName = SwiftReLearnUITests;
			productReference = 59375CDC26563104005A4F18 /* SwiftReLearnUITests.xctest */;
			productType = "com.apple.product-type.bundle.ui-testing";
		};
/* End PBXNativeTarget section */

/* Begin PBXProject section */
		59375CB326563103005A4F18 /* Project object */ = {
			isa = PBXProject;
			attributes = {
				LastSwiftUpdateCheck = 1160;
				LastUpgradeCheck = 1160;
				ORGANIZATIONNAME = JoyTomi;
				TargetAttributes = {
					59375CBA26563103005A4F18 = {
						CreatedOnToolsVersion = 11.6;
					};
					59375CD026563104005A4F18 = {
						CreatedOnToolsVersion = 11.6;
						TestTargetID = 59375CBA26563103005A4F18;
					};
					59375CDB26563104005A4F18 = {
						CreatedOnToolsVersion = 11.6;
						TestTargetID = 59375CBA26563103005A4F18;
					};
				};
			};
			buildConfigurationList = 59375CB626563103005A4F18 /* Build configuration list for PBXProject "SwiftReLearn" */;
			compatibilityVersion = "Xcode 9.3";
			developmentRegion = en;
			hasScannedForEncodings = 0;
			knownRegions = (
				en,
				Base,
			);
			mainGroup = 59375CB226563103005A4F18;
			productRefGroup = 59375CBC26563103005A4F18 /* Products */;
			projectDirPath = "";
			projectRoot = "";
			targets = (
				59375CBA26563103005A4F18 /* SwiftReLearn */,
				59375CD026563104005A4F18 /* SwiftReLearnTests */,
				59375CDB26563104005A4F18 /* SwiftReLearnUITests */,
			);
		};
/* End PBXProject section */

/* Begin PBXResourcesBuildPhase section */
		59375CB926563103005A4F18 /* Resources */ = {
			isa = PBXResourcesBuildPhase;
			buildActionMask = 2147483647;
			files = (
				59375CCB26563104005A4F18 /* LaunchScreen.storyboard in Resources */,
				59375CC826563104005A4F18 /* Assets.xcassets in Resources */,
				59375CC626563103005A4F18 /* Main.storyboard in Resources */,
			);
			runOnlyForDeploymentPostprocessing = 0;
		};
		59375CCF26563104005A4F18 /* Resources */ = {
			isa = PBXResourcesBuildPhase;
			buildActionMask = 2147483647;
			files = (
			);
			runOnlyForDeploymentPostprocessing = 0;
		};
		59375CDA26563104005A4F18 /* Resources */ = {
			isa = PBXResourcesBuildPhase;
			buildActionMask = 2147483647;
			files = (
			);
			runOnlyForDeploymentPostprocessing = 0;
		};
/* End PBXResourcesBuildPhase section */

/* Begin PBXShellScriptBuildPhase section */
		688F6A7B094181A8F8F8493A /* [CP] Embed Pods Frameworks */ = {
			isa = PBXShellScriptBuildPhase;
			buildActionMask = 2147483647;
			files = (
			);
			inputFileListPaths = (
				"${PODS_ROOT}/Target Support Files/Pods-SwiftReLearn/Pods-SwiftReLearn-frameworks-${CONFIGURATION}-input-files.xcfilelist",
			);
			name = "[CP] Embed Pods Frameworks";
			outputFileListPaths = (
				"${PODS_ROOT}/Target Support Files/Pods-SwiftReLearn/Pods-SwiftReLearn-frameworks-${CONFIGURATION}-output-files.xcfilelist",
			);
			runOnlyForDeploymentPostprocessing = 0;
			shellPath = /bin/sh;
			shellScript = "\"${PODS_ROOT}/Target Support Files/Pods-SwiftReLearn/Pods-SwiftReLearn-frameworks.sh\"\n";
			showEnvVarsInLog = 0;
		};
		D11C31726D5BF145ED4DA4C9 /* [CP] Check Pods Manifest.lock */ = {
			isa = PBXShellScriptBuildPhase;
			buildActionMask = 2147483647;
			files = (
			);
			inputFileListPaths = (
			);
			inputPaths = (
				"${PODS_PODFILE_DIR_PATH}/Podfile.lock",
				"${PODS_ROOT}/Manifest.lock",
			);
			name = "[CP] Check Pods Manifest.lock";
			outputFileListPaths = (
			);
			outputPaths = (
				"$(DERIVED_FILE_DIR)/Pods-SwiftReLearn-checkManifestLockResult.txt",
			);
			runOnlyForDeploymentPostprocessing = 0;
			shellPath = /bin/sh;
			shellScript = "diff \"${PODS_PODFILE_DIR_PATH}/Podfile.lock\" \"${PODS_ROOT}/Manifest.lock\" > /dev/null\nif [ $? != 0 ] ; then\n    # print error to STDERR\n    echo \"error: The sandbox is not in sync with the Podfile.lock. Run 'pod install' or update your CocoaPods installation.\" >&2\n    exit 1\nfi\n# This output is used by Xcode 'outputs' to avoid re-running this script phase.\necho \"SUCCESS\" > \"${SCRIPT_OUTPUT_FILE_0}\"\n";
			showEnvVarsInLog = 0;
		};
/* End PBXShellScriptBuildPhase section */

/* Begin PBXSourcesBuildPhase section */
		59375CB726563103005A4F18 /* Sources */ = {
			isa = PBXSourcesBuildPhase;
			buildActionMask = 2147483647;
			files = (
				591D50B6265CCD70004DDFE2 /* AppUtils.swift in Sources */,
				591D50AB265B7B1F004DDFE2 /* Array+Extension.swift in Sources */,
				591D50B3265CCBC7004DDFE2 /* Dictionary+Extension.swift in Sources */,
				591D50B1265CC8FD004DDFE2 /* Date+Extension.swift in Sources */,
				591D50A3265B418F004DDFE2 /* UIMacros.swift in Sources */,
				591D50A9265B71F6004DDFE2 /* String+Extension.swift in Sources */,
				59375CC326563103005A4F18 /* ViewController.swift in Sources */,
				591D50BA265CCF1C004DDFE2 /* IOUtils.swift in Sources */,
				591D50A7265B47A4004DDFE2 /* DateFormatter+Extension.swift in Sources */,
				591D50A5265B44F8004DDFE2 /* UIColor+Extension.swift in Sources */,
				591D50B8265CCEAE004DDFE2 /* ValidateUtils.swift in Sources */,
				591D50AF265B9F49004DDFE2 /* UIView+Extension.swift in Sources */,
				59375CBF26563103005A4F18 /* AppDelegate.swift in Sources */,
				598EE3FD265792FB008B5F12 /* RootViewController.swift in Sources */,
				59375CC126563103005A4F18 /* SceneDelegate.swift in Sources */,
				591D50AD265B7C5E004DDFE2 /* UIImage+Extension.swift in Sources */,
				591D50A1265B40D9004DDFE2 /* ACMacros.swift in Sources */,
			);
			runOnlyForDeploymentPostprocessing = 0;
		};
		59375CCD26563104005A4F18 /* Sources */ = {
			isa = PBXSourcesBuildPhase;
			buildActionMask = 2147483647;
			files = (
				59375CD626563104005A4F18 /* SwiftReLearnTests.swift in Sources */,
			);
			runOnlyForDeploymentPostprocessing = 0;
		};
		59375CD826563104005A4F18 /* Sources */ = {
			isa = PBXSourcesBuildPhase;
			buildActionMask = 2147483647;
			files = (
				59375CE126563104005A4F18 /* SwiftReLearnUITests.swift in Sources */,
			);
			runOnlyForDeploymentPostprocessing = 0;
		};
/* End PBXSourcesBuildPhase section */

/* Begin PBXTargetDependency section */
		59375CD326563104005A4F18 /* PBXTargetDependency */ = {
			isa = PBXTargetDependency;
			target = 59375CBA26563103005A4F18 /* SwiftReLearn */;
			targetProxy = 59375CD226563104005A4F18 /* PBXContainerItemProxy */;
		};
		59375CDE26563104005A4F18 /* PBXTargetDependency */ = {
			isa = PBXTargetDependency;
			target = 59375CBA26563103005A4F18 /* SwiftReLearn */;
			targetProxy = 59375CDD26563104005A4F18 /* PBXContainerItemProxy */;
		};
/* End PBXTargetDependency section */

/* Begin PBXVariantGroup section */
		59375CC426563103005A4F18 /* Main.storyboard */ = {
			isa = PBXVariantGroup;
			children = (
				59375CC526563103005A4F18 /* Base */,
			);
			name = Main.storyboard;
			sourceTree = "<group>";
		};
		59375CC926563104005A4F18 /* LaunchScreen.storyboard */ = {
			isa = PBXVariantGroup;
			children = (
				59375CCA26563104005A4F18 /* Base */,
			);
			name = LaunchScreen.storyboard;
			sourceTree = "<group>";
		};
/* End PBXVariantGroup section */

/* Begin XCBuildConfiguration section */
		59375CE326563104005A4F18 /* Debug */ = {
			isa = XCBuildConfiguration;
			buildSettings = {
				ALWAYS_SEARCH_USER_PATHS = NO;
				CLANG_ANALYZER_NONNULL = YES;
				CLANG_ANALYZER_NUMBER_OBJECT_CONVERSION = YES_AGGRESSIVE;
				CLANG_CXX_LANGUAGE_STANDARD = "gnu++14";
				CLANG_CXX_LIBRARY = "libc++";
				CLANG_ENABLE_MODULES = YES;
				CLANG_ENABLE_OBJC_ARC = YES;
				CLANG_ENABLE_OBJC_WEAK = YES;
				CLANG_WARN_BLOCK_CAPTURE_AUTORELEASING = YES;
				CLANG_WARN_BOOL_CONVERSION = YES;
				CLANG_WARN_COMMA = YES;
				CLANG_WARN_CONSTANT_CONVERSION = YES;
				CLANG_WARN_DEPRECATED_OBJC_IMPLEMENTATIONS = YES;
				CLANG_WARN_DIRECT_OBJC_ISA_USAGE = YES_ERROR;
				CLANG_WARN_DOCUMENTATION_COMMENTS = YES;
				CLANG_WARN_EMPTY_BODY = YES;
				CLANG_WARN_ENUM_CONVERSION = YES;
				CLANG_WARN_INFINITE_RECURSION = YES;
				CLANG_WARN_INT_CONVERSION = YES;
				CLANG_WARN_NON_LITERAL_NULL_CONVERSION = YES;
				CLANG_WARN_OBJC_IMPLICIT_RETAIN_SELF = YES;
				CLANG_WARN_OBJC_LITERAL_CONVERSION = YES;
				CLANG_WARN_OBJC_ROOT_CLASS = YES_ERROR;
				CLANG_WARN_RANGE_LOOP_ANALYSIS = YES;
				CLANG_WARN_STRICT_PROTOTYPES = YES;
				CLANG_WARN_SUSPICIOUS_MOVE = YES;
				CLANG_WARN_UNGUARDED_AVAILABILITY = YES_AGGRESSIVE;
				CLANG_WARN_UNREACHABLE_CODE = YES;
				CLANG_WARN__DUPLICATE_METHOD_MATCH = YES;
				COPY_PHASE_STRIP = NO;
				DEBUG_INFORMATION_FORMAT = dwarf;
				ENABLE_STRICT_OBJC_MSGSEND = YES;
				ENABLE_TESTABILITY = YES;
				GCC_C_LANGUAGE_STANDARD = gnu11;
				GCC_DYNAMIC_NO_PIC = NO;
				GCC_NO_COMMON_BLOCKS = YES;
				GCC_OPTIMIZATION_LEVEL = 0;
				GCC_PREPROCESSOR_DEFINITIONS = (
					"DEBUG=1",
					"$(inherited)",
				);
				GCC_WARN_64_TO_32_BIT_CONVERSION = YES;
				GCC_WARN_ABOUT_RETURN_TYPE = YES_ERROR;
				GCC_WARN_UNDECLARED_SELECTOR = YES;
				GCC_WARN_UNINITIALIZED_AUTOS = YES_AGGRESSIVE;
				GCC_WARN_UNUSED_FUNCTION = YES;
				GCC_WARN_UNUSED_VARIABLE = YES;
				IPHONEOS_DEPLOYMENT_TARGET = 13.6;
				MTL_ENABLE_DEBUG_INFO = INCLUDE_SOURCE;
				MTL_FAST_MATH = YES;
				ONLY_ACTIVE_ARCH = YES;
				SDKROOT = iphoneos;
				SWIFT_ACTIVE_COMPILATION_CONDITIONS = DEBUG;
				SWIFT_OPTIMIZATION_LEVEL = "-Onone";
			};
			name = Debug;
		};
		59375CE426563104005A4F18 /* Release */ = {
			isa = XCBuildConfiguration;
			buildSettings = {
				ALWAYS_SEARCH_USER_PATHS = NO;
				CLANG_ANALYZER_NONNULL = YES;
				CLANG_ANALYZER_NUMBER_OBJECT_CONVERSION = YES_AGGRESSIVE;
				CLANG_CXX_LANGUAGE_STANDARD = "gnu++14";
				CLANG_CXX_LIBRARY = "libc++";
				CLANG_ENABLE_MODULES = YES;
				CLANG_ENABLE_OBJC_ARC = YES;
				CLANG_ENABLE_OBJC_WEAK = YES;
				CLANG_WARN_BLOCK_CAPTURE_AUTORELEASING = YES;
				CLANG_WARN_BOOL_CONVERSION = YES;
				CLANG_WARN_COMMA = YES;
				CLANG_WARN_CONSTANT_CONVERSION = YES;
				CLANG_WARN_DEPRECATED_OBJC_IMPLEMENTATIONS = YES;
				CLANG_WARN_DIRECT_OBJC_ISA_USAGE = YES_ERROR;
				CLANG_WARN_DOCUMENTATION_COMMENTS = YES;
				CLANG_WARN_EMPTY_BODY = YES;
				CLANG_WARN_ENUM_CONVERSION = YES;
				CLANG_WARN_INFINITE_RECURSION = YES;
				CLANG_WARN_INT_CONVERSION = YES;
				CLANG_WARN_NON_LITERAL_NULL_CONVERSION = YES;
				CLANG_WARN_OBJC_IMPLICIT_RETAIN_SELF = YES;
				CLANG_WARN_OBJC_LITERAL_CONVERSION = YES;
				CLANG_WARN_OBJC_ROOT_CLASS = YES_ERROR;
				CLANG_WARN_RANGE_LOOP_ANALYSIS = YES;
				CLANG_WARN_STRICT_PROTOTYPES = YES;
				CLANG_WARN_SUSPICIOUS_MOVE = YES;
				CLANG_WARN_UNGUARDED_AVAILABILITY = YES_AGGRESSIVE;
				CLANG_WARN_UNREACHABLE_CODE = YES;
				CLANG_WARN__DUPLICATE_METHOD_MATCH = YES;
				COPY_PHASE_STRIP = NO;
				DEBUG_INFORMATION_FORMAT = "dwarf-with-dsym";
				ENABLE_NS_ASSERTIONS = NO;
				ENABLE_STRICT_OBJC_MSGSEND = YES;
				GCC_C_LANGUAGE_STANDARD = gnu11;
				GCC_NO_COMMON_BLOCKS = YES;
				GCC_WARN_64_TO_32_BIT_CONVERSION = YES;
				GCC_WARN_ABOUT_RETURN_TYPE = YES_ERROR;
				GCC_WARN_UNDECLARED_SELECTOR = YES;
				GCC_WARN_UNINITIALIZED_AUTOS = YES_AGGRESSIVE;
				GCC_WARN_UNUSED_FUNCTION = YES;
				GCC_WARN_UNUSED_VARIABLE = YES;
				IPHONEOS_DEPLOYMENT_TARGET = 13.6;
				MTL_ENABLE_DEBUG_INFO = NO;
				MTL_FAST_MATH = YES;
				SDKROOT = iphoneos;
				SWIFT_COMPILATION_MODE = wholemodule;
				SWIFT_OPTIMIZATION_LEVEL = "-O";
				VALIDATE_PRODUCT = YES;
			};
			name = Release;
		};
		59375CE626563104005A4F18 /* Debug */ = {
			isa = XCBuildConfiguration;
			baseConfigurationReference = C8FBBCBFD69CEAC8F6E249DD /* Pods-SwiftReLearn.debug.xcconfig */;
			buildSettings = {
				ASSETCATALOG_COMPILER_APPICON_NAME = AppIcon;
				CODE_SIGN_STYLE = Automatic;
				DEVELOPMENT_TEAM = Z4LRX33T3U;
				INFOPLIST_FILE = SwiftReLearn/Info.plist;
				LD_RUNPATH_SEARCH_PATHS = (
					"$(inherited)",
					"@executable_path/Frameworks",
				);
				PRODUCT_BUNDLE_IDENTIFIER = com.JoyTomi.SwiftReLearn;
				PRODUCT_NAME = "$(TARGET_NAME)";
				SWIFT_VERSION = 5.0;
				TARGETED_DEVICE_FAMILY = "1,2";
			};
			name = Debug;
		};
		59375CE726563104005A4F18 /* Release */ = {
			isa = XCBuildConfiguration;
			baseConfigurationReference = E20BB61B83374B4EF975FF52 /* Pods-SwiftReLearn.release.xcconfig */;
			buildSettings = {
				ASSETCATALOG_COMPILER_APPICON_NAME = AppIcon;
				CODE_SIGN_STYLE = Automatic;
				DEVELOPMENT_TEAM = Z4LRX33T3U;
				INFOPLIST_FILE = SwiftReLearn/Info.plist;
				LD_RUNPATH_SEARCH_PATHS = (
					"$(inherited)",
					"@executable_path/Frameworks",
				);
				PRODUCT_BUNDLE_IDENTIFIER = com.JoyTomi.SwiftReLearn;
				PRODUCT_NAME = "$(TARGET_NAME)";
				SWIFT_VERSION = 5.0;
				TARGETED_DEVICE_FAMILY = "1,2";
			};
			name = Release;
		};
		59375CE926563104005A4F18 /* Debug */ = {
			isa = XCBuildConfiguration;
			buildSettings = {
				ALWAYS_EMBED_SWIFT_STANDARD_LIBRARIES = YES;
				BUNDLE_LOADER = "$(TEST_HOST)";
				CODE_SIGN_STYLE = Automatic;
				DEVELOPMENT_TEAM = Z4LRX33T3U;
				INFOPLIST_FILE = SwiftReLearnTests/Info.plist;
				IPHONEOS_DEPLOYMENT_TARGET = 13.6;
				LD_RUNPATH_SEARCH_PATHS = (
					"$(inherited)",
					"@executable_path/Frameworks",
					"@loader_path/Frameworks",
				);
				PRODUCT_BUNDLE_IDENTIFIER = com.JoyTomi.SwiftReLearnTests;
				PRODUCT_NAME = "$(TARGET_NAME)";
				SWIFT_VERSION = 5.0;
				TARGETED_DEVICE_FAMILY = "1,2";
				TEST_HOST = "$(BUILT_PRODUCTS_DIR)/SwiftReLearn.app/SwiftReLearn";
			};
			name = Debug;
		};
		59375CEA26563104005A4F18 /* Release */ = {
			isa = XCBuildConfiguration;
			buildSettings = {
				ALWAYS_EMBED_SWIFT_STANDARD_LIBRARIES = YES;
				BUNDLE_LOADER = "$(TEST_HOST)";
				CODE_SIGN_STYLE = Automatic;
				DEVELOPMENT_TEAM = Z4LRX33T3U;
				INFOPLIST_FILE = SwiftReLearnTests/Info.plist;
				IPHONEOS_DEPLOYMENT_TARGET = 13.6;
				LD_RUNPATH_SEARCH_PATHS = (
					"$(inherited)",
					"@executable_path/Frameworks",
					"@loader_path/Frameworks",
				);
				PRODUCT_BUNDLE_IDENTIFIER = com.JoyTomi.SwiftReLearnTests;
				PRODUCT_NAME = "$(TARGET_NAME)";
				SWIFT_VERSION = 5.0;
				TARGETED_DEVICE_FAMILY = "1,2";
				TEST_HOST = "$(BUILT_PRODUCTS_DIR)/SwiftReLearn.app/SwiftReLearn";
			};
			name = Release;
		};
		59375CEC26563104005A4F18 /* Debug */ = {
			isa = XCBuildConfiguration;
			buildSettings = {
				ALWAYS_EMBED_SWIFT_STANDARD_LIBRARIES = YES;
				CODE_SIGN_STYLE = Automatic;
				DEVELOPMENT_TEAM = Z4LRX33T3U;
				INFOPLIST_FILE = SwiftReLearnUITests/Info.plist;
				LD_RUNPATH_SEARCH_PATHS = (
					"$(inherited)",
					"@executable_path/Frameworks",
					"@loader_path/Frameworks",
				);
				PRODUCT_BUNDLE_IDENTIFIER = com.JoyTomi.SwiftReLearnUITests;
				PRODUCT_NAME = "$(TARGET_NAME)";
				SWIFT_VERSION = 5.0;
				TARGETED_DEVICE_FAMILY = "1,2";
				TEST_TARGET_NAME = SwiftReLearn;
			};
			name = Debug;
		};
		59375CED26563104005A4F18 /* Release */ = {
			isa = XCBuildConfiguration;
			buildSettings = {
				ALWAYS_EMBED_SWIFT_STANDARD_LIBRARIES = YES;
				CODE_SIGN_STYLE = Automatic;
				DEVELOPMENT_TEAM = Z4LRX33T3U;
				INFOPLIST_FILE = SwiftReLearnUITests/Info.plist;
				LD_RUNPATH_SEARCH_PATHS = (
					"$(inherited)",
					"@executable_path/Frameworks",
					"@loader_path/Frameworks",
				);
				PRODUCT_BUNDLE_IDENTIFIER = com.JoyTomi.SwiftReLearnUITests;
				PRODUCT_NAME = "$(TARGET_NAME)";
				SWIFT_VERSION = 5.0;
				TARGETED_DEVICE_FAMILY = "1,2";
				TEST_TARGET_NAME = SwiftReLearn;
			};
			name = Release;
		};
/* End XCBuildConfiguration section */

/* Begin XCConfigurationList section */
		59375CB626563103005A4F18 /* Build configuration list for PBXProject "SwiftReLearn" */ = {
			isa = XCConfigurationList;
			buildConfigurations = (
				59375CE326563104005A4F18 /* Debug */,
				59375CE426563104005A4F18 /* Release */,
			);
			defaultConfigurationIsVisible = 0;
			defaultConfigurationName = Release;
		};
		59375CE526563104005A4F18 /* Build configuration list for PBXNativeTarget "SwiftReLearn" */ = {
			isa = XCConfigurationList;
			buildConfigurations = (
				59375CE626563104005A4F18 /* Debug */,
				59375CE726563104005A4F18 /* Release */,
			);
			defaultConfigurationIsVisible = 0;
			defaultConfigurationName = Release;
		};
		59375CE826563104005A4F18 /* Build configuration list for PBXNativeTarget "SwiftReLearnTests" */ = {
			isa = XCConfigurationList;
			buildConfigurations = (
				59375CE926563104005A4F18 /* Debug */,
				59375CEA26563104005A4F18 /* Release */,
			);
			defaultConfigurationIsVisible = 0;
			defaultConfigurationName = Release;
		};
		59375CEB26563104005A4F18 /* Build configuration list for PBXNativeTarget "SwiftReLearnUITests" */ = {
			isa = XCConfigurationList;
			buildConfigurations = (
				59375CEC26563104005A4F18 /* Debug */,
				59375CED26563104005A4F18 /* Release */,
			);
			defaultConfigurationIsVisible = 0;
			defaultConfigurationName = Release;
		};
/* End XCConfigurationList section */
	};
	rootObject = 59375CB326563103005A4F18 /* Project object */;
}
